
Microsoft Visual Studio Solution File, Format Version 12.00
# Visual Studio Version 17
VisualStudioVersion = 17.11.35312.102
MinimumVisualStudioVersion = 10.0.40219.1
Project("{FAE04EC0-301F-11D3-BF4B-00C04F79EFBC}") = "Somiod", "Somiod\Somiod.csproj", "{131432F5-84A9-42FA-9510-F5CF03F809C0}"
EndProject
Global
	GlobalSection(SolutionConfigurationPlatforms) = preSolution
		Debug|Any CPU = Debug|Any CPU
		Release|Any CPU = Release|Any CPU
	EndGlobalSection
	GlobalSection(ProjectConfigurationPlatforms) = postSolution
		{131432F5-84A9-42FA-9510-F5CF03F809C0}.Debug|Any CPU.ActiveCfg = Debug|Any CPU
		{131432F5-84A9-42FA-9510-F5CF03F809C0}.Debug|Any CPU.Build.0 = Debug|Any CPU
		{131432F5-84A9-42FA-9510-F5CF03F809C0}.Release|Any CPU.ActiveCfg = Release|Any CPU
		{131432F5-84A9-42FA-9510-F5CF03F809C0}.Release|Any CPU.Build.0 = Release|Any CPU
	EndGlobalSection
	GlobalSection(SolutionProperties) = preSolution
		HideSolutionNode = FALSE
	EndGlobalSection
	GlobalSection(ExtensibilityGlobals) = postSolution
		SolutionGuid = {B25A84CB-9A10-4F52-9393-60BA2F53E2CB}
	EndGlobalSection
EndGlobal
